// !$*UTF8*$!
{
	archiveVersion = 1;
	classes = {
	};
	objectVersion = 46;
	objects = {

/* Begin PBXBuildFile section */
		8B916CBE20F7243800DD0EDB /* AppDelegate.swift in Sources */ = {isa = PBXBuildFile; fileRef = 8B916CBD20F7243800DD0EDB /* AppDelegate.swift */; };
		8B916CC020F7243800DD0EDB /* ViewController.swift in Sources */ = {isa = PBXBuildFile; fileRef = 8B916CBF20F7243800DD0EDB /* ViewController.swift */; };
		8B916CC320F7243800DD0EDB /* Main.storyboard in Resources */ = {isa = PBXBuildFile; fileRef = 8B916CC120F7243800DD0EDB /* Main.storyboard */; };
		8B916CC520F7243800DD0EDB /* Assets.xcassets in Resources */ = {isa = PBXBuildFile; fileRef = 8B916CC420F7243800DD0EDB /* Assets.xcassets */; };
		8B916CC820F7243800DD0EDB /* LaunchScreen.storyboard in Resources */ = {isa = PBXBuildFile; fileRef = 8B916CC620F7243800DD0EDB /* LaunchScreen.storyboard */; };
		8B916CD320F7243800DD0EDB /* DisorderArrayFindMidTests.swift in Sources */ = {isa = PBXBuildFile; fileRef = 8B916CD220F7243800DD0EDB /* DisorderArrayFindMidTests.swift */; };
		8B916CDE20F7243800DD0EDB /* DisorderArrayFindMidUITests.swift in Sources */ = {isa = PBXBuildFile; fileRef = 8B916CDD20F7243800DD0EDB /* DisorderArrayFindMidUITests.swift */; };
/* End PBXBuildFile section */

/* Begin PBXContainerItemProxy section */
		8B916CCF20F7243800DD0EDB /* PBXContainerItemProxy */ = {
			isa = PBXContainerItemProxy;
			containerPortal = 8B916CB220F7243800DD0EDB /* Project object */;
			proxyType = 1;
			remoteGlobalIDString = 8B916CB920F7243800DD0EDB;
			remoteInfo = DisorderArrayFindMid;
		};
		8B916CDA20F7243800DD0EDB /* PBXContainerItemProxy */ = {
			isa = PBXContainerItemProxy;
			containerPortal = 8B916CB220F7243800DD0EDB /* Project object */;
			proxyType = 1;
			remoteGlobalIDString = 8B916CB920F7243800DD0EDB;
			remoteInfo = DisorderArrayFindMid;
		};
/* End PBXContainerItemProxy section */

/* Begin PBXFileReference section */
		8B916CBA20F7243800DD0EDB /* DisorderArrayFindMid.app */ = {isa = PBXFileReference; explicitFileType = wrapper.application; includeInIndex = 0; path = DisorderArrayFindMid.app; sourceTree = BUILT_PRODUCTS_DIR; };
		8B916CBD20F7243800DD0EDB /* AppDelegate.swift */ = {isa = PBXFileReference; lastKnownFileType = sourcecode.swift; path = AppDelegate.swift; sourceTree = "<group>"; };
		8B916CBF20F7243800DD0EDB /* ViewController.swift */ = {isa = PBXFileReference; lastKnownFileType = sourcecode.swift; path = ViewController.swift; sourceTree = "<group>"; };
		8B916CC220F7243800DD0EDB /* Base */ = {isa = PBXFileReference; lastKnownFileType = file.storyboard; name = Base; path = Base.lproj/Main.storyboard; sourceTree = "<group>"; };
		8B916CC420F7243800DD0EDB /* Assets.xcassets */ = {isa = PBXFileReference; lastKnownFileType = folder.assetcatalog; path = Assets.xcassets; sourceTree = "<group>"; };
		8B916CC720F7243800DD0EDB /* Base */ = {isa = PBXFileReference; lastKnownFileType = file.storyboard; name = Base; path = Base.lproj/LaunchScreen.storyboard; sourceTree = "<group>"; };
		8B916CC920F7243800DD0EDB /* Info.plist */ = {isa = PBXFileReference; lastKnownFileType = text.plist.xml; path = Info.plist; sourceTree = "<group>"; };
		8B916CCE20F7243800DD0EDB /* DisorderArrayFindMidTests.xctest */ = {isa = PBXFileReference; explicitFileType = wrapper.cfbundle; includeInIndex = 0; path = DisorderArrayFindMidTests.xctest; sourceTree = BUILT_PRODUCTS_DIR; };
		8B916CD220F7243800DD0EDB /* DisorderArrayFindMidTests.swift */ = {isa = PBXFileReference; lastKnownFileType = sourcecode.swift; path = DisorderArrayFindMidTests.swift; sourceTree = "<group>"; };
		8B916CD420F7243800DD0EDB /* Info.plist */ = {isa = PBXFileReference; lastKnownFileType = text.plist.xml; path = Info.plist; sourceTree = "<group>"; };
		8B916CD920F7243800DD0EDB /* DisorderArrayFindMidUITests.xctest */ = {isa = PBXFileReference; explicitFileType = wrapper.cfbundle; includeInIndex = 0; path = DisorderArrayFindMidUITests.xctest; sourceTree = BUILT_PRODUCTS_DIR; };
		8B916CDD20F7243800DD0EDB /* DisorderArrayFindMidUITests.swift */ = {isa = PBXFileReference; lastKnownFileType = sourcecode.swift; path = DisorderArrayFindMidUITests.swift; sourceTree = "<group>"; };
		8B916CDF20F7243800DD0EDB /* Info.plist */ = {isa = PBXFileReference; lastKnownFileType = text.plist.xml; path = Info.plist; sourceTree = "<group>"; };
/* End PBXFileReference section */

/* Begin PBXFrameworksBuildPhase section */
		8B916CB720F7243800DD0EDB /* Frameworks */ = {
			isa = PBXFrameworksBuildPhase;
			buildActionMask = 2147483647;
			files = (
			);
			runOnlyForDeploymentPostprocessing = 0;
		};
		8B916CCB20F7243800DD0EDB /* Frameworks */ = {
			isa = PBXFrameworksBuildPhase;
			buildActionMask = 2147483647;
			files = (
			);
			runOnlyForDeploymentPostprocessing = 0;
		};
		8B916CD620F7243800DD0EDB /* Frameworks */ = {
			isa = PBXFrameworksBuildPhase;
			buildActionMask = 2147483647;
			files = (
			);
			runOnlyForDeploymentPostprocessing = 0;
		};
/* End PBXFrameworksBuildPhase section */

/* Begin PBXGroup section */
		8B916CB120F7243800DD0EDB = {
			isa = PBXGroup;
			children = (
				8B916CBC20F7243800DD0EDB /* DisorderArrayFindMid */,
				8B916CD120F7243800DD0EDB /* DisorderArrayFindMidTests */,
				8B916CDC20F7243800DD0EDB /* DisorderArrayFindMidUITests */,
				8B916CBB20F7243800DD0EDB /* Products */,
			);
			sourceTree = "<group>";
		};
		8B916CBB20F7243800DD0EDB /* Products */ = {
			isa = PBXGroup;
			children = (
				8B916CBA20F7243800DD0EDB /* DisorderArrayFindMid.app */,
				8B916CCE20F7243800DD0EDB /* DisorderArrayFindMidTests.xctest */,
				8B916CD920F7243800DD0EDB /* DisorderArrayFindMidUITests.xctest */,
			);
			name = Products;
			sourceTree = "<group>";
		};
		8B916CBC20F7243800DD0EDB /* DisorderArrayFindMid */ = {
			isa = PBXGroup;
			children = (
				8B916CBD20F7243800DD0EDB /* AppDelegate.swift */,
				8B916CBF20F7243800DD0EDB /* ViewController.swift */,
				8B916CC120F7243800DD0EDB /* Main.storyboard */,
				8B916CC420F7243800DD0EDB /* Assets.xcassets */,
				8B916CC620F7243800DD0EDB /* LaunchScreen.storyboard */,
				8B916CC920F7243800DD0EDB /* Info.plist */,
			);
			path = DisorderArrayFindMid;
			sourceTree = "<group>";
		};
		8B916CD120F7243800DD0EDB /* DisorderArrayFindMidTests */ = {
			isa = PBXGroup;
			children = (
				8B916CD220F7243800DD0EDB /* DisorderArrayFindMidTests.swift */,
				8B916CD420F7243800DD0EDB /* Info.plist */,
			);
			path = DisorderArrayFindMidTests;
			sourceTree = "<group>";
		};
		8B916CDC20F7243800DD0EDB /* DisorderArrayFindMidUITests */ = {
			isa = PBXGroup;
			children = (
				8B916CDD20F7243800DD0EDB /* DisorderArrayFindMidUITests.swift */,
				8B916CDF20F7243800DD0EDB /* Info.plist */,
			);
			path = DisorderArrayFindMidUITests;
			sourceTree = "<group>";
		};
/* End PBXGroup section */

/* Begin PBXNativeTarget section */
		8B916CB920F7243800DD0EDB /* DisorderArrayFindMid */ = {
			isa = PBXNativeTarget;
			buildConfigurationList = 8B916CE220F7243800DD0EDB /* Build configuration list for PBXNativeTarget "DisorderArrayFindMid" */;
			buildPhases = (
				8B916CB620F7243800DD0EDB /* Sources */,
				8B916CB720F7243800DD0EDB /* Frameworks */,
				8B916CB820F7243800DD0EDB /* Resources */,
			);
			buildRules = (
			);
			dependencies = (
			);
			name = DisorderArrayFindMid;
			productName = DisorderArrayFindMid;
			productReference = 8B916CBA20F7243800DD0EDB /* DisorderArrayFindMid.app */;
			productType = "com.apple.product-type.application";
		};
		8B916CCD20F7243800DD0EDB /* DisorderArrayFindMidTests */ = {
			isa = PBXNativeTarget;
			buildConfigurationList = 8B916CE520F7243800DD0EDB /* Build configuration list for PBXNativeTarget "DisorderArrayFindMidTests" */;
			buildPhases = (
				8B916CCA20F7243800DD0EDB /* Sources */,
				8B916CCB20F7243800DD0EDB /* Frameworks */,
				8B916CCC20F7243800DD0EDB /* Resources */,
			);
			buildRules = (
			);
			dependencies = (
				8B916CD020F7243800DD0EDB /* PBXTargetDependency */,
			);
			name = DisorderArrayFindMidTests;
			productName = DisorderArrayFindMidTests;
			productReference = 8B916CCE20F7243800DD0EDB /* DisorderArrayFindMidTests.xctest */;
			productType = "com.apple.product-type.bundle.unit-test";
		};
		8B916CD820F7243800DD0EDB /* DisorderArrayFindMidUITests */ = {
			isa = PBXNativeTarget;
			buildConfigurationList = 8B916CE820F7243800DD0EDB /* Build configuration list for PBXNativeTarget "DisorderArrayFindMidUITests" */;
			buildPhases = (
				8B916CD520F7243800DD0EDB /* Sources */,
				8B916CD620F7243800DD0EDB /* Frameworks */,
				8B916CD720F7243800DD0EDB /* Resources */,
			);
			buildRules = (
			);
			dependencies = (
				8B916CDB20F7243800DD0EDB /* PBXTargetDependency */,
			);
			name = DisorderArrayFindMidUITests;
			productName = DisorderArrayFindMidUITests;
			productReference = 8B916CD920F7243800DD0EDB /* DisorderArrayFindMidUITests.xctest */;
			productType = "com.apple.product-type.bundle.ui-testing";
		};
/* End PBXNativeTarget section */

/* Begin PBXProject section */
		8B916CB220F7243800DD0EDB /* Project object */ = {
			isa = PBXProject;
			attributes = {
				LastSwiftUpdateCheck = 0830;
				LastUpgradeCheck = 0830;
				TargetAttributes = {
					8B916CB920F7243800DD0EDB = {
						CreatedOnToolsVersion = 8.3.3;
						ProvisioningStyle = Automatic;
					};
					8B916CCD20F7243800DD0EDB = {
						CreatedOnToolsVersion = 8.3.3;
						ProvisioningStyle = Automatic;
						TestTargetID = 8B916CB920F7243800DD0EDB;
					};
					8B916CD820F7243800DD0EDB = {
						CreatedOnToolsVersion = 8.3.3;
						ProvisioningStyle = Automatic;
						TestTargetID = 8B916CB920F7243800DD0EDB;
					};
				};
			};
			buildConfigurationList = 8B916CB520F7243800DD0EDB /* Build configuration list for PBXProject "DisorderArrayFindMid" */;
			compatibilityVersion = "Xcode 3.2";
			developmentRegion = English;
			hasScannedForEncodings = 0;
			knownRegions = (
				en,
				Base,
			);
			mainGroup = 8B916CB120F7243800DD0EDB;
			productRefGroup = 8B916CBB20F7243800DD0EDB /* Products */;
			projectDirPath = "";
			projectRoot = "";
			targets = (
				8B916CB920F7243800DD0EDB /* DisorderArrayFindMid */,
				8B916CCD20F7243800DD0EDB /* DisorderArrayFindMidTests */,
				8B916CD820F7243800DD0EDB /* DisorderArrayFindMidUITests */,
			);
		};
/* End PBXProject section */

/* Begin PBXResourcesBuildPhase section */
		8B916CB820F7243800DD0EDB /* Resources */ = {
			isa = PBXResourcesBuildPhase;
			buildActionMask = 2147483647;
			files = (
				8B916CC820F7243800DD0EDB /* LaunchScreen.storyboard in Resources */,
				8B916CC520F7243800DD0EDB /* Assets.xcassets in Resources */,
				8B916CC320F7243800DD0EDB /* Main.storyboard in Resources */,
			);
			runOnlyForDeploymentPostprocessing = 0;
		};
		8B916CCC20F7243800DD0EDB /* Resources */ = {
			isa = PBXResourcesBuildPhase;
			buildActionMask = 2147483647;
			files = (
			);
			runOnlyForDeploymentPostprocessing = 0;
		};
		8B916CD720F7243800DD0EDB /* Resources */ = {
			isa = PBXResourcesBuildPhase;
			buildActionMask = 2147483647;
			files = (
			);
			runOnlyForDeploymentPostprocessing = 0;
		};
/* End PBXResourcesBuildPhase section */

/* Begin PBXSourcesBuildPhase section */
		8B916CB620F7243800DD0EDB /* Sources */ = {
			isa = PBXSourcesBuildPhase;
			buildActionMask = 2147483647;
			files = (
				8B916CC020F7243800DD0EDB /* ViewController.swift in Sources */,
				8B916CBE20F7243800DD0EDB /* AppDelegate.swift in Sources */,
			);
			runOnlyForDeploymentPostprocessing = 0;
		};
		8B916CCA20F7243800DD0EDB /* Sources */ = {
			isa = PBXSourcesBuildPhase;
			buildActionMask = 2147483647;
			files = (
				8B916CD320F7243800DD0EDB /* DisorderArrayFindMidTests.swift in Sources */,
			);
			runOnlyForDeploymentPostprocessing = 0;
		};
		8B916CD520F7243800DD0EDB /* Sources */ = {
			isa = PBXSourcesBuildPhase;
			buildActionMask = 2147483647;
			files = (
				8B916CDE20F7243800DD0EDB /* DisorderArrayFindMidUITests.swift in Sources */,
			);
			runOnlyForDeploymentPostprocessing = 0;
		};
/* End PBXSourcesBuildPhase section */

/* Begin PBXTargetDependency section */
		8B916CD020F7243800DD0EDB /* PBXTargetDependency */ = {
			isa = PBXTargetDependency;
			target = 8B916CB920F7243800DD0EDB /* DisorderArrayFindMid */;
			targetProxy = 8B916CCF20F7243800DD0EDB /* PBXContainerItemProxy */;
		};
		8B916CDB20F7243800DD0EDB /* PBXTargetDependency */ = {
			isa = PBXTargetDependency;
			target = 8B916CB920F7243800DD0EDB /* DisorderArrayFindMid */;
			targetProxy = 8B916CDA20F7243800DD0EDB /* PBXContainerItemProxy */;
		};
/* End PBXTargetDependency section */

/* Begin PBXVariantGroup section */
		8B916CC120F7243800DD0EDB /* Main.storyboard */ = {
			isa = PBXVariantGroup;
			children = (
				8B916CC220F7243800DD0EDB /* Base */,
			);
			name = Main.storyboard;
			sourceTree = "<group>";
		};
		8B916CC620F7243800DD0EDB /* LaunchScreen.storyboard */ = {
			isa = PBXVariantGroup;
			children = (
				8B916CC720F7243800DD0EDB /* Base */,
			);
			name = LaunchScreen.storyboard;
			sourceTree = "<group>";
		};
/* End PBXVariantGroup section */

/* Begin XCBuildConfiguration section */
		8B916CE020F7243800DD0EDB /* Debug */ = {
			isa = XCBuildConfiguration;
			buildSettings = {
				ALWAYS_SEARCH_USER_PATHS = NO;
				CLANG_ANALYZER_NONNULL = YES;
				CLANG_ANALYZER_NUMBER_OBJECT_CONVERSION = YES_AGGRESSIVE;
				CLANG_CXX_LANGUAGE_STANDARD = "gnu++0x";
				CLANG_CXX_LIBRARY = "libc++";
				CLANG_ENABLE_MODULES = YES;
				CLANG_ENABLE_OBJC_ARC = YES;
				CLANG_WARN_BOOL_CONVERSION = YES;
				CLANG_WARN_CONSTANT_CONVERSION = YES;
				CLANG_WARN_DIRECT_OBJC_ISA_USAGE = YES_ERROR;
				CLANG_WARN_DOCUMENTATION_COMMENTS = YES;
				CLANG_WARN_EMPTY_BODY = YES;
				CLANG_WARN_ENUM_CONVERSION = YES;
				CLANG_WARN_INFINITE_RECURSION = YES;
				CLANG_WARN_INT_CONVERSION = YES;
				CLANG_WARN_OBJC_ROOT_CLASS = YES_ERROR;
				CLANG_WARN_SUSPICIOUS_MOVE = YES;
				CLANG_WARN_UNREACHABLE_CODE = YES;
				CLANG_WARN__DUPLICATE_METHOD_MATCH = YES;
				"CODE_SIGN_IDENTITY[sdk=iphoneos*]" = "iPhone Developer";
				COPY_PHASE_STRIP = NO;
				DEBUG_INFORMATION_FORMAT = dwarf;
				ENABLE_STRICT_OBJC_MSGSEND = YES;
				ENABLE_TESTABILITY = YES;
				GCC_C_LANGUAGE_STANDARD = gnu99;
				GCC_DYNAMIC_NO_PIC = NO;
				GCC_NO_COMMON_BLOCKS = YES;
				GCC_OPTIMIZATION_LEVEL = 0;
				GCC_PREPROCESSOR_DEFINITIONS = (
					"DEBUG=1",
					"$(inherited)",
				);
				GCC_WARN_64_TO_32_BIT_CONVERSION = YES;
				GCC_WARN_ABOUT_RETURN_TYPE = YES_ERROR;
				GCC_WARN_UNDECLARED_SELECTOR = YES;
				GCC_WARN_UNINITIALIZED_AUTOS = YES_AGGRESSIVE;
				GCC_WARN_UNUSED_FUNCTION = YES;
				GCC_WARN_UNUSED_VARIABLE = YES;
				IPHONEOS_DEPLOYMENT_TARGET = 10.3;
				MTL_ENABLE_DEBUG_INFO = YES;
				ONLY_ACTIVE_ARCH = YES;
				SDKROOT = iphoneos;
				SWIFT_ACTIVE_COMPILATION_CONDITIONS = DEBUG;
				SWIFT_OPTIMIZATION_LEVEL = "-Onone";
				TARGETED_DEVICE_FAMILY = "1,2";
			};
			name = Debug;
		};
		8B916CE120F7243800DD0EDB /* Release */ = {
			isa = XCBuildConfiguration;
			buildSettings = {
				ALWAYS_SEARCH_USER_PATHS = NO;
				CLANG_ANALYZER_NONNULL = YES;
				CLANG_ANALYZER_NUMBER_OBJECT_CONVERSION = YES_AGGRESSIVE;
				CLANG_CXX_LANGUAGE_STANDARD = "gnu++0x";
				CLANG_CXX_LIBRARY = "libc++";
				CLANG_ENABLE_MODULES = YES;
				CLANG_ENABLE_OBJC_ARC = YES;
				CLANG_WARN_BOOL_CONVERSION = YES;
				CLANG_WARN_CONSTANT_CONVERSION = YES;
				CLANG_WARN_DIRECT_OBJC_ISA_USAGE = YES_ERROR;
				CLANG_WARN_DOCUMENTATION_COMMENTS = YES;
				CLANG_WARN_EMPTY_BODY = YES;
				CLANG_WARN_ENUM_CONVERSION = YES;
				CLANG_WARN_INFINITE_RECURSION = YES;
				CLANG_WARN_INT_CONVERSION = YES;
				CLANG_WARN_OBJC_ROOT_CLASS = YES_ERROR;
				CLANG_WARN_SUSPICIOUS_MOVE = YES;
				CLANG_WARN_UNREACHABLE_CODE = YES;
				CLANG_WARN__DUPLICATE_METHOD_MATCH = YES;
				"CODE_SIGN_IDENTITY[sdk=iphoneos*]" = "iPhone Developer";
				COPY_PHASE_STRIP = NO;
				DEBUG_INFORMATION_FORMAT = "dwarf-with-dsym";
				ENABLE_NS_ASSERTIONS = NO;
				ENABLE_STRICT_OBJC_MSGSEND = YES;
				GCC_C_LANGUAGE_STANDARD = gnu99;
				GCC_NO_COMMON_BLOCKS = YES;
				GCC_WARN_64_TO_32_BIT_CONVERSION = YES;
				GCC_WARN_ABOUT_RETURN_TYPE = YES_ERROR;
				GCC_WARN_UNDECLARED_SELECTOR = YES;
				GCC_WARN_UNINITIALIZED_AUTOS = YES_AGGRESSIVE;
				GCC_WARN_UNUSED_FUNCTION = YES;
				GCC_WARN_UNUSED_VARIABLE = YES;
				IPHONEOS_DEPLOYMENT_TARGET = 10.3;
				MTL_ENABLE_DEBUG_INFO = NO;
				SDKROOT = iphoneos;
				SWIFT_OPTIMIZATION_LEVEL = "-Owholemodule";
				TARGETED_DEVICE_FAMILY = "1,2";
				VALIDATE_PRODUCT = YES;
			};
			name = Release;
		};
		8B916CE320F7243800DD0EDB /* Debug */ = {
			isa = XCBuildConfiguration;
			buildSettings = {
				ASSETCATALOG_COMPILER_APPICON_NAME = AppIcon;
				INFOPLIST_FILE = DisorderArrayFindMid/Info.plist;
				LD_RUNPATH_SEARCH_PATHS = "$(inherited) @executable_path/Frameworks";
				PRODUCT_BUNDLE_IDENTIFIER = Cbh.DisorderArrayFindMid;
				PRODUCT_NAME = "$(TARGET_NAME)";
				SWIFT_VERSION = 3.0;
			};
			name = Debug;
		};
		8B916CE420F7243800DD0EDB /* Release */ = {
			isa = XCBuildConfiguration;
			buildSettings = {
				ASSETCATALOG_COMPILER_APPICON_NAME = AppIcon;
				INFOPLIST_FILE = DisorderArrayFindMid/Info.plist;
				LD_RUNPATH_SEARCH_PATHS = "$(inherited) @executable_path/Frameworks";
				PRODUCT_BUNDLE_IDENTIFIER = Cbh.DisorderArrayFindMid;
				PRODUCT_NAME = "$(TARGET_NAME)";
				SWIFT_VERSION = 3.0;
			};
			name = Release;
		};
		8B916CE620F7243800DD0EDB /* Debug */ = {
			isa = XCBuildConfiguration;
			buildSettings = {
				ALWAYS_EMBED_SWIFT_STANDARD_LIBRARIES = YES;
				BUNDLE_LOADER = "$(TEST_HOST)";
				INFOPLIST_FILE = DisorderArrayFindMidTests/Info.plist;
				LD_RUNPATH_SEARCH_PATHS = "$(inherited) @executable_path/Frameworks @loader_path/Frameworks";
				PRODUCT_BUNDLE_IDENTIFIER = Cbh.DisorderArrayFindMidTests;
				PRODUCT_NAME = "$(TARGET_NAME)";
				SWIFT_VERSION = 3.0;
				TEST_HOST = "$(BUILT_PRODUCTS_DIR)/DisorderArrayFindMid.app/DisorderArrayFindMid";
			};
			name = Debug;
		};
		8B916CE720F7243800DD0EDB /* Release */ = {
			isa = XCBuildConfiguration;
			buildSettings = {
				ALWAYS_EMBED_SWIFT_STANDARD_LIBRARIES = YES;
				BUNDLE_LOADER = "$(TEST_HOST)";
				INFOPLIST_FILE = DisorderArrayFindMidTests/Info.plist;
				LD_RUNPATH_SEARCH_PATHS = "$(inherited) @executable_path/Frameworks @loader_path/Frameworks";
				PRODUCT_BUNDLE_IDENTIFIER = Cbh.DisorderArrayFindMidTests;
				PRODUCT_NAME = "$(TARGET_NAME)";
				SWIFT_VERSION = 3.0;
				TEST_HOST = "$(BUILT_PRODUCTS_DIR)/DisorderArrayFindMid.app/DisorderArrayFindMid";
			};
			name = Release;
		};
		8B916CE920F7243800DD0EDB /* Debug */ = {
			isa = XCBuildConfiguration;
			buildSettings = {
				ALWAYS_EMBED_SWIFT_STANDARD_LIBRARIES = YES;
				INFOPLIST_FILE = DisorderArrayFindMidUITests/Info.plist;
				LD_RUNPATH_SEARCH_PATHS = "$(inherited) @executable_path/Frameworks @loader_path/Frameworks";
				PRODUCT_BUNDLE_IDENTIFIER = Cbh.DisorderArrayFindMidUITests;
				PRODUCT_NAME = "$(TARGET_NAME)";
				SWIFT_VERSION = 3.0;
				TEST_TARGET_NAME = DisorderArrayFindMid;
			};
			name = Debug;
		};
		8B916CEA20F7243800DD0EDB /* Release */ = {
			isa = XCBuildConfiguration;
			buildSettings = {
				ALWAYS_EMBED_SWIFT_STANDARD_LIBRARIES = YES;
				INFOPLIST_FILE = DisorderArrayFindMidUITests/Info.plist;
				LD_RUNPATH_SEARCH_PATHS = "$(inherited) @executable_path/Frameworks @loader_path/Frameworks";
				PRODUCT_BUNDLE_IDENTIFIER = Cbh.DisorderArrayFindMidUITests;
				PRODUCT_NAME = "$(TARGET_NAME)";
				SWIFT_VERSION = 3.0;
				TEST_TARGET_NAME = DisorderArrayFindMid;
			};
			name = Release;
		};
/* End XCBuildConfiguration section */

/* Begin XCConfigurationList section */
		8B916CB520F7243800DD0EDB /* Build configuration list for PBXProject "DisorderArrayFindMid" */ = {
			isa = XCConfigurationList;
			buildConfigurations = (
				8B916CE020F7243800DD0EDB /* Debug */,
				8B916CE120F7243800DD0EDB /* Release */,
			);
			defaultConfigurationIsVisible = 0;
			defaultConfigurationName = Release;
		};
		8B916CE220F7243800DD0EDB /* Build configuration list for PBXNativeTarget "DisorderArrayFindMid" */ = {
			isa = XCConfigurationList;
			buildConfigurations = (
				8B916CE320F7243800DD0EDB /* Debug */,
				8B916CE420F7243800DD0EDB /* Release */,
			);
			defaultConfigurationIsVisible = 0;
		};
		8B916CE520F7243800DD0EDB /* Build configuration list for PBXNativeTarget "DisorderArrayFindMidTests" */ = {
			isa = XCConfigurationList;
			buildConfigurations = (
				8B916CE620F7243800DD0EDB /* Debug */,
				8B916CE720F7243800DD0EDB /* Release */,
			);
			defaultConfigurationIsVisible = 0;
		};
		8B916CE820F7243800DD0EDB /* Build configuration list for PBXNativeTarget "DisorderArrayFindMidUITests" */ = {
			isa = XCConfigurationList;
			buildConfigurations = (
				8B916CE920F7243800DD0EDB /* Debug */,
				8B916CEA20F7243800DD0EDB /* Release */,
			);
			defaultConfigurationIsVisible = 0;
		};
/* End XCConfigurationList section */
	};
	rootObject = 8B916CB220F7243800DD0EDB /* Project object */;
}
